
Microsoft Visual Studio Solution File, Format Version 12.00
# Visual Studio 15
VisualStudioVersion = 15.0.28307.329
MinimumVisualStudioVersion = 10.0.40219.1
Project("{FAE04EC0-301F-11D3-BF4B-00C04F79EFBC}") = "Trueques", "Trueques\Trueques.csproj", "{975879A2-7488-4E6B-85F8-65B383A567AB}"
EndProject
Global
	GlobalSection(SolutionConfigurationPlatforms) = preSolution
		Debug|Any CPU = Debug|Any CPU
		Release|Any CPU = Release|Any CPU
	EndGlobalSection
	GlobalSection(ProjectConfigurationPlatforms) = postSolution
		{975879A2-7488-4E6B-85F8-65B383A567AB}.Debug|Any CPU.ActiveCfg = Debug|Any CPU
		{975879A2-7488-4E6B-85F8-65B383A567AB}.Debug|Any CPU.Build.0 = Debug|Any CPU
		{975879A2-7488-4E6B-85F8-65B383A567AB}.Release|Any CPU.ActiveCfg = Release|Any CPU
		{975879A2-7488-4E6B-85F8-65B383A567AB}.Release|Any CPU.Build.0 = Release|Any CPU
	EndGlobalSection
	GlobalSection(SolutionProperties) = preSolution
		HideSolutionNode = FALSE
	EndGlobalSection
	GlobalSection(ExtensibilityGlobals) = postSolution
		SolutionGuid = {F0D93249-62E7-4B63-A113-0D13BF57B4C2}
	EndGlobalSection
EndGlobal
